
Microsoft Visual Studio Solution File, Format Version 12.00
# Visual Studio Version 17
VisualStudioVersion = 17.10.34928.147
MinimumVisualStudioVersion = 10.0.40219.1
Project("{FAE04EC0-301F-11D3-BF4B-00C04F79EFBC}") = "Examen2Lenguajes.API", "Examen2Lenguajes.API\Examen2Lenguajes.API.csproj", "{5C0A13B0-A3FB-4139-98B0-01B4F862364B}"
EndProject
Global
	GlobalSection(SolutionConfigurationPlatforms) = preSolution
		Debug|Any CPU = Debug|Any CPU
		Release|Any CPU = Release|Any CPU
	EndGlobalSection
	GlobalSection(ProjectConfigurationPlatforms) = postSolution
		{5C0A13B0-A3FB-4139-98B0-01B4F862364B}.Debug|Any CPU.ActiveCfg = Debug|Any CPU
		{5C0A13B0-A3FB-4139-98B0-01B4F862364B}.Debug|Any CPU.Build.0 = Debug|Any CPU
		{5C0A13B0-A3FB-4139-98B0-01B4F862364B}.Release|Any CPU.ActiveCfg = Release|Any CPU
		{5C0A13B0-A3FB-4139-98B0-01B4F862364B}.Release|Any CPU.Build.0 = Release|Any CPU
	EndGlobalSection
	GlobalSection(SolutionProperties) = preSolution
		HideSolutionNode = FALSE
	EndGlobalSection
	GlobalSection(ExtensibilityGlobals) = postSolution
		SolutionGuid = {F6B63C38-7D00-413C-8164-8461DE059B3F}
	EndGlobalSection
EndGlobal
